// !$*UTF8*$!
{
	archiveVersion = 1;
	classes = {
	};
	objectVersion = 46;
	objects = {

/* Begin PBXBuildFile section */
		0313E5081DC1DBC200E453A0 /* AppDelegate.swift in Sources */ = {isa = PBXBuildFile; fileRef = 0313E5071DC1DBC200E453A0 /* AppDelegate.swift */; };
		0313E50A1DC1DBC200E453A0 /* ViewController.swift in Sources */ = {isa = PBXBuildFile; fileRef = 0313E5091DC1DBC200E453A0 /* ViewController.swift */; };
		0313E50D1DC1DBC200E453A0 /* Main.storyboard in Resources */ = {isa = PBXBuildFile; fileRef = 0313E50B1DC1DBC200E453A0 /* Main.storyboard */; };
		0313E50F1DC1DBC200E453A0 /* Assets.xcassets in Resources */ = {isa = PBXBuildFile; fileRef = 0313E50E1DC1DBC200E453A0 /* Assets.xcassets */; };
		0313E5121DC1DBC200E453A0 /* LaunchScreen.storyboard in Resources */ = {isa = PBXBuildFile; fileRef = 0313E5101DC1DBC200E453A0 /* LaunchScreen.storyboard */; };
		0313E51D1DC1DBC200E453A0 /* RainOrShineTests.swift in Sources */ = {isa = PBXBuildFile; fileRef = 0313E51C1DC1DBC200E453A0 /* RainOrShineTests.swift */; };
		0313E5281DC1DBC200E453A0 /* RainOrShineUITests.swift in Sources */ = {isa = PBXBuildFile; fileRef = 0313E5271DC1DBC200E453A0 /* RainOrShineUITests.swift */; };
		0313E5381DC2A21A00E453A0 /* ViewControllerExtension.swift in Sources */ = {isa = PBXBuildFile; fileRef = 0313E5371DC2A21A00E453A0 /* ViewControllerExtension.swift */; };
		0313E53A1DC3C94600E453A0 /* APIKeys.plist in Resources */ = {isa = PBXBuildFile; fileRef = 0313E5391DC3C94600E453A0 /* APIKeys.plist */; };
		035811EE1DC429E0002ECB85 /* LocationAPIService.swift in Sources */ = {isa = PBXBuildFile; fileRef = 035811ED1DC429E0002ECB85 /* LocationAPIService.swift */; };
		03B2DE701DC5D1EA00CFFA83 /* WeatherAPIService.swift in Sources */ = {isa = PBXBuildFile; fileRef = 03B2DE6F1DC5D1EA00CFFA83 /* WeatherAPIService.swift */; };
		03B2DE721DC7073A00CFFA83 /* Place.swift in Sources */ = {isa = PBXBuildFile; fileRef = 03B2DE711DC7073900CFFA83 /* Place.swift */; };
		CE97BF227C9EE82CDCD3B8B1 /* Pods_RainOrShine.framework in Frameworks */ = {isa = PBXBuildFile; fileRef = 7DF1A9526232BFE268DEFEF1 /* Pods_RainOrShine.framework */; };
/* End PBXBuildFile section */

/* Begin PBXContainerItemProxy section */
		0313E5191DC1DBC200E453A0 /* PBXContainerItemProxy */ = {
			isa = PBXContainerItemProxy;
			containerPortal = 0313E4FC1DC1DBC200E453A0 /* Project object */;
			proxyType = 1;
			remoteGlobalIDString = 0313E5031DC1DBC200E453A0;
			remoteInfo = RainOrShine;
		};
		0313E5241DC1DBC200E453A0 /* PBXContainerItemProxy */ = {
			isa = PBXContainerItemProxy;
			containerPortal = 0313E4FC1DC1DBC200E453A0 /* Project object */;
			proxyType = 1;
			remoteGlobalIDString = 0313E5031DC1DBC200E453A0;
			remoteInfo = RainOrShine;
		};
/* End PBXContainerItemProxy section */

/* Begin PBXFileReference section */
		0313E5041DC1DBC200E453A0 /* RainOrShine.app */ = {isa = PBXFileReference; explicitFileType = wrapper.application; includeInIndex = 0; path = RainOrShine.app; sourceTree = BUILT_PRODUCTS_DIR; };
		0313E5071DC1DBC200E453A0 /* AppDelegate.swift */ = {isa = PBXFileReference; lastKnownFileType = sourcecode.swift; path = AppDelegate.swift; sourceTree = "<group>"; };
		0313E5091DC1DBC200E453A0 /* ViewController.swift */ = {isa = PBXFileReference; lastKnownFileType = sourcecode.swift; path = ViewController.swift; sourceTree = "<group>"; };
		0313E50C1DC1DBC200E453A0 /* Base */ = {isa = PBXFileReference; lastKnownFileType = file.storyboard; name = Base; path = Base.lproj/Main.storyboard; sourceTree = "<group>"; };
		0313E50E1DC1DBC200E453A0 /* Assets.xcassets */ = {isa = PBXFileReference; lastKnownFileType = folder.assetcatalog; path = Assets.xcassets; sourceTree = "<group>"; };
		0313E5111DC1DBC200E453A0 /* Base */ = {isa = PBXFileReference; lastKnownFileType = file.storyboard; name = Base; path = Base.lproj/LaunchScreen.storyboard; sourceTree = "<group>"; };
		0313E5131DC1DBC200E453A0 /* Info.plist */ = {isa = PBXFileReference; lastKnownFileType = text.plist.xml; path = Info.plist; sourceTree = "<group>"; };
		0313E5181DC1DBC200E453A0 /* RainOrShineTests.xctest */ = {isa = PBXFileReference; explicitFileType = wrapper.cfbundle; includeInIndex = 0; path = RainOrShineTests.xctest; sourceTree = BUILT_PRODUCTS_DIR; };
		0313E51C1DC1DBC200E453A0 /* RainOrShineTests.swift */ = {isa = PBXFileReference; lastKnownFileType = sourcecode.swift; path = RainOrShineTests.swift; sourceTree = "<group>"; };
		0313E51E1DC1DBC200E453A0 /* Info.plist */ = {isa = PBXFileReference; lastKnownFileType = text.plist.xml; path = Info.plist; sourceTree = "<group>"; };
		0313E5231DC1DBC200E453A0 /* RainOrShineUITests.xctest */ = {isa = PBXFileReference; explicitFileType = wrapper.cfbundle; includeInIndex = 0; path = RainOrShineUITests.xctest; sourceTree = BUILT_PRODUCTS_DIR; };
		0313E5271DC1DBC200E453A0 /* RainOrShineUITests.swift */ = {isa = PBXFileReference; lastKnownFileType = sourcecode.swift; path = RainOrShineUITests.swift; sourceTree = "<group>"; };
		0313E5291DC1DBC200E453A0 /* Info.plist */ = {isa = PBXFileReference; lastKnownFileType = text.plist.xml; path = Info.plist; sourceTree = "<group>"; };
		0313E5371DC2A21A00E453A0 /* ViewControllerExtension.swift */ = {isa = PBXFileReference; fileEncoding = 4; lastKnownFileType = sourcecode.swift; path = ViewControllerExtension.swift; sourceTree = "<group>"; };
		0313E5391DC3C94600E453A0 /* APIKeys.plist */ = {isa = PBXFileReference; fileEncoding = 4; lastKnownFileType = text.plist.xml; path = APIKeys.plist; sourceTree = "<group>"; };
		035811ED1DC429E0002ECB85 /* LocationAPIService.swift */ = {isa = PBXFileReference; fileEncoding = 4; lastKnownFileType = sourcecode.swift; path = LocationAPIService.swift; sourceTree = "<group>"; };
		03B2DE6F1DC5D1EA00CFFA83 /* WeatherAPIService.swift */ = {isa = PBXFileReference; fileEncoding = 4; lastKnownFileType = sourcecode.swift; path = WeatherAPIService.swift; sourceTree = "<group>"; };
		03B2DE711DC7073900CFFA83 /* Place.swift */ = {isa = PBXFileReference; fileEncoding = 4; lastKnownFileType = sourcecode.swift; path = Place.swift; sourceTree = "<group>"; };
		6D24AE1ADCD23D9A3DC25758 /* Pods-RainOrShine.release.xcconfig */ = {isa = PBXFileReference; includeInIndex = 1; lastKnownFileType = text.xcconfig; name = "Pods-RainOrShine.release.xcconfig"; path = "Pods/Target Support Files/Pods-RainOrShine/Pods-RainOrShine.release.xcconfig"; sourceTree = "<group>"; };
		7DF1A9526232BFE268DEFEF1 /* Pods_RainOrShine.framework */ = {isa = PBXFileReference; explicitFileType = wrapper.framework; includeInIndex = 0; path = Pods_RainOrShine.framework; sourceTree = BUILT_PRODUCTS_DIR; };
		E682BEA6B2852926B36ABB4C /* Pods-RainOrShine.debug.xcconfig */ = {isa = PBXFileReference; includeInIndex = 1; lastKnownFileType = text.xcconfig; name = "Pods-RainOrShine.debug.xcconfig"; path = "Pods/Target Support Files/Pods-RainOrShine/Pods-RainOrShine.debug.xcconfig"; sourceTree = "<group>"; };
/* End PBXFileReference section */

/* Begin PBXFrameworksBuildPhase section */
		0313E5011DC1DBC200E453A0 /* Frameworks */ = {
			isa = PBXFrameworksBuildPhase;
			buildActionMask = 2147483647;
			files = (
				CE97BF227C9EE82CDCD3B8B1 /* Pods_RainOrShine.framework in Frameworks */,
			);
			runOnlyForDeploymentPostprocessing = 0;
		};
		0313E5151DC1DBC200E453A0 /* Frameworks */ = {
			isa = PBXFrameworksBuildPhase;
			buildActionMask = 2147483647;
			files = (
			);
			runOnlyForDeploymentPostprocessing = 0;
		};
		0313E5201DC1DBC200E453A0 /* Frameworks */ = {
			isa = PBXFrameworksBuildPhase;
			buildActionMask = 2147483647;
			files = (
			);
			runOnlyForDeploymentPostprocessing = 0;
		};
/* End PBXFrameworksBuildPhase section */

/* Begin PBXGroup section */
		0313E4FB1DC1DBC200E453A0 = {
			isa = PBXGroup;
			children = (
				0313E5061DC1DBC200E453A0 /* RainOrShine */,
				0313E51B1DC1DBC200E453A0 /* RainOrShineTests */,
				0313E5261DC1DBC200E453A0 /* RainOrShineUITests */,
				0313E5051DC1DBC200E453A0 /* Products */,
				45D46E4972EBEEF8AE426B97 /* Pods */,
				7AA145FF253445D2813DE43C /* Frameworks */,
			);
			sourceTree = "<group>";
		};
		0313E5051DC1DBC200E453A0 /* Products */ = {
			isa = PBXGroup;
			children = (
				0313E5041DC1DBC200E453A0 /* RainOrShine.app */,
				0313E5181DC1DBC200E453A0 /* RainOrShineTests.xctest */,
				0313E5231DC1DBC200E453A0 /* RainOrShineUITests.xctest */,
			);
			name = Products;
			sourceTree = "<group>";
		};
		0313E5061DC1DBC200E453A0 /* RainOrShine */ = {
			isa = PBXGroup;
			children = (
				0391F8521DC556EF005B5BBF /* Extensions */,
				0391F84F1DC55689005B5BBF /* Protocols */,
				035811EC1DC4296F002ECB85 /* Custom Classes */,
				0313E5071DC1DBC200E453A0 /* AppDelegate.swift */,
				0313E5091DC1DBC200E453A0 /* ViewController.swift */,
				0313E5391DC3C94600E453A0 /* APIKeys.plist */,
				0313E50B1DC1DBC200E453A0 /* Main.storyboard */,
				0313E50E1DC1DBC200E453A0 /* Assets.xcassets */,
				0313E5101DC1DBC200E453A0 /* LaunchScreen.storyboard */,
				0313E5131DC1DBC200E453A0 /* Info.plist */,
			);
			path = RainOrShine;
			sourceTree = "<group>";
		};
		0313E51B1DC1DBC200E453A0 /* RainOrShineTests */ = {
			isa = PBXGroup;
			children = (
				0313E51C1DC1DBC200E453A0 /* RainOrShineTests.swift */,
				0313E51E1DC1DBC200E453A0 /* Info.plist */,
			);
			path = RainOrShineTests;
			sourceTree = "<group>";
		};
		0313E5261DC1DBC200E453A0 /* RainOrShineUITests */ = {
			isa = PBXGroup;
			children = (
				0313E5271DC1DBC200E453A0 /* RainOrShineUITests.swift */,
				0313E5291DC1DBC200E453A0 /* Info.plist */,
			);
			path = RainOrShineUITests;
			sourceTree = "<group>";
		};
		035811EC1DC4296F002ECB85 /* Custom Classes */ = {
			isa = PBXGroup;
			children = (
				035811ED1DC429E0002ECB85 /* LocationAPIService.swift */,
				03B2DE6F1DC5D1EA00CFFA83 /* WeatherAPIService.swift */,
				03B2DE711DC7073900CFFA83 /* Place.swift */,
			);
			name = "Custom Classes";
			sourceTree = "<group>";
		};
		0391F84F1DC55689005B5BBF /* Protocols */ = {
			isa = PBXGroup;
			children = (
			);
			name = Protocols;
			sourceTree = "<group>";
		};
		0391F8521DC556EF005B5BBF /* Extensions */ = {
			isa = PBXGroup;
			children = (
				0313E5371DC2A21A00E453A0 /* ViewControllerExtension.swift */,
			);
			name = Extensions;
			sourceTree = "<group>";
		};
		45D46E4972EBEEF8AE426B97 /* Pods */ = {
			isa = PBXGroup;
			children = (
				E682BEA6B2852926B36ABB4C /* Pods-RainOrShine.debug.xcconfig */,
				6D24AE1ADCD23D9A3DC25758 /* Pods-RainOrShine.release.xcconfig */,
			);
			name = Pods;
			sourceTree = "<group>";
		};
		7AA145FF253445D2813DE43C /* Frameworks */ = {
			isa = PBXGroup;
			children = (
				7DF1A9526232BFE268DEFEF1 /* Pods_RainOrShine.framework */,
			);
			name = Frameworks;
			sourceTree = "<group>";
		};
/* End PBXGroup section */

/* Begin PBXNativeTarget section */
		0313E5031DC1DBC200E453A0 /* RainOrShine */ = {
			isa = PBXNativeTarget;
			buildConfigurationList = 0313E52C1DC1DBC200E453A0 /* Build configuration list for PBXNativeTarget "RainOrShine" */;
			buildPhases = (
				B1C6DF8CEC345A3F66184DB8 /* Check Pods Manifest.lock */,
				0313E5001DC1DBC200E453A0 /* Sources */,
				0313E5011DC1DBC200E453A0 /* Frameworks */,
				0313E5021DC1DBC200E453A0 /* Resources */,
				CA964EDF2839B5060E9C92CE /* Embed Pods Frameworks */,
				7F695983CFC676C5E3015A48 /* Copy Pods Resources */,
			);
			buildRules = (
			);
			dependencies = (
			);
			name = RainOrShine;
			productName = RainOrShine;
			productReference = 0313E5041DC1DBC200E453A0 /* RainOrShine.app */;
			productType = "com.apple.product-type.application";
		};
		0313E5171DC1DBC200E453A0 /* RainOrShineTests */ = {
			isa = PBXNativeTarget;
			buildConfigurationList = 0313E52F1DC1DBC200E453A0 /* Build configuration list for PBXNativeTarget "RainOrShineTests" */;
			buildPhases = (
				0313E5141DC1DBC200E453A0 /* Sources */,
				0313E5151DC1DBC200E453A0 /* Frameworks */,
				0313E5161DC1DBC200E453A0 /* Resources */,
			);
			buildRules = (
			);
			dependencies = (
				0313E51A1DC1DBC200E453A0 /* PBXTargetDependency */,
			);
			name = RainOrShineTests;
			productName = RainOrShineTests;
			productReference = 0313E5181DC1DBC200E453A0 /* RainOrShineTests.xctest */;
			productType = "com.apple.product-type.bundle.unit-test";
		};
		0313E5221DC1DBC200E453A0 /* RainOrShineUITests */ = {
			isa = PBXNativeTarget;
			buildConfigurationList = 0313E5321DC1DBC200E453A0 /* Build configuration list for PBXNativeTarget "RainOrShineUITests" */;
			buildPhases = (
				0313E51F1DC1DBC200E453A0 /* Sources */,
				0313E5201DC1DBC200E453A0 /* Frameworks */,
				0313E5211DC1DBC200E453A0 /* Resources */,
			);
			buildRules = (
			);
			dependencies = (
				0313E5251DC1DBC200E453A0 /* PBXTargetDependency */,
			);
			name = RainOrShineUITests;
			productName = RainOrShineUITests;
			productReference = 0313E5231DC1DBC200E453A0 /* RainOrShineUITests.xctest */;
			productType = "com.apple.product-type.bundle.ui-testing";
		};
/* End PBXNativeTarget section */

/* Begin PBXProject section */
		0313E4FC1DC1DBC200E453A0 /* Project object */ = {
			isa = PBXProject;
			attributes = {
				LastSwiftUpdateCheck = 0800;
				LastUpgradeCheck = 0810;
				ORGANIZATIONNAME = "Big Smash Software";
				TargetAttributes = {
					0313E5031DC1DBC200E453A0 = {
						CreatedOnToolsVersion = 8.0;
						DevelopmentTeam = JNJPB8D7PF;
						ProvisioningStyle = Automatic;
					};
					0313E5171DC1DBC200E453A0 = {
						CreatedOnToolsVersion = 8.0;
						DevelopmentTeam = JNJPB8D7PF;
						ProvisioningStyle = Automatic;
						TestTargetID = 0313E5031DC1DBC200E453A0;
					};
					0313E5221DC1DBC200E453A0 = {
						CreatedOnToolsVersion = 8.0;
						DevelopmentTeam = JNJPB8D7PF;
						ProvisioningStyle = Automatic;
						TestTargetID = 0313E5031DC1DBC200E453A0;
					};
				};
			};
			buildConfigurationList = 0313E4FF1DC1DBC200E453A0 /* Build configuration list for PBXProject "RainOrShine" */;
			compatibilityVersion = "Xcode 3.2";
			developmentRegion = English;
			hasScannedForEncodings = 0;
			knownRegions = (
				en,
				Base,
			);
			mainGroup = 0313E4FB1DC1DBC200E453A0;
			productRefGroup = 0313E5051DC1DBC200E453A0 /* Products */;
			projectDirPath = "";
			projectRoot = "";
			targets = (
				0313E5031DC1DBC200E453A0 /* RainOrShine */,
				0313E5171DC1DBC200E453A0 /* RainOrShineTests */,
				0313E5221DC1DBC200E453A0 /* RainOrShineUITests */,
			);
		};
/* End PBXProject section */

/* Begin PBXResourcesBuildPhase section */
		0313E5021DC1DBC200E453A0 /* Resources */ = {
			isa = PBXResourcesBuildPhase;
			buildActionMask = 2147483647;
			files = (
				0313E5121DC1DBC200E453A0 /* LaunchScreen.storyboard in Resources */,
				0313E53A1DC3C94600E453A0 /* APIKeys.plist in Resources */,
				0313E50F1DC1DBC200E453A0 /* Assets.xcassets in Resources */,
				0313E50D1DC1DBC200E453A0 /* Main.storyboard in Resources */,
			);
			runOnlyForDeploymentPostprocessing = 0;
		};
		0313E5161DC1DBC200E453A0 /* Resources */ = {
			isa = PBXResourcesBuildPhase;
			buildActionMask = 2147483647;
			files = (
			);
			runOnlyForDeploymentPostprocessing = 0;
		};
		0313E5211DC1DBC200E453A0 /* Resources */ = {
			isa = PBXResourcesBuildPhase;
			buildActionMask = 2147483647;
			files = (
			);
			runOnlyForDeploymentPostprocessing = 0;
		};
/* End PBXResourcesBuildPhase section */

/* Begin PBXShellScriptBuildPhase section */
		7F695983CFC676C5E3015A48 /* Copy Pods Resources */ = {
			isa = PBXShellScriptBuildPhase;
			buildActionMask = 2147483647;
			files = (
			);
			inputPaths = (
			);
			name = "Copy Pods Resources";
			outputPaths = (
			);
			runOnlyForDeploymentPostprocessing = 0;
			shellPath = /bin/sh;
			shellScript = "\"${SRCROOT}/Pods/Target Support Files/Pods-RainOrShine/Pods-RainOrShine-resources.sh\"\n";
			showEnvVarsInLog = 0;
		};
		B1C6DF8CEC345A3F66184DB8 /* Check Pods Manifest.lock */ = {
			isa = PBXShellScriptBuildPhase;
			buildActionMask = 2147483647;
			files = (
			);
			inputPaths = (
			);
			name = "Check Pods Manifest.lock";
			outputPaths = (
			);
			runOnlyForDeploymentPostprocessing = 0;
			shellPath = /bin/sh;
			shellScript = "diff \"${PODS_ROOT}/../Podfile.lock\" \"${PODS_ROOT}/Manifest.lock\" > /dev/null\nif [[ $? != 0 ]] ; then\n    cat << EOM\nerror: The sandbox is not in sync with the Podfile.lock. Run 'pod install' or update your CocoaPods installation.\nEOM\n    exit 1\nfi\n";
			showEnvVarsInLog = 0;
		};
		CA964EDF2839B5060E9C92CE /* Embed Pods Frameworks */ = {
			isa = PBXShellScriptBuildPhase;
			buildActionMask = 2147483647;
			files = (
			);
			inputPaths = (
			);
			name = "Embed Pods Frameworks";
			outputPaths = (
			);
			runOnlyForDeploymentPostprocessing = 0;
			shellPath = /bin/sh;
			shellScript = "\"${SRCROOT}/Pods/Target Support Files/Pods-RainOrShine/Pods-RainOrShine-frameworks.sh\"\n";
			showEnvVarsInLog = 0;
		};
/* End PBXShellScriptBuildPhase section */

/* Begin PBXSourcesBuildPhase section */
		0313E5001DC1DBC200E453A0 /* Sources */ = {
			isa = PBXSourcesBuildPhase;
			buildActionMask = 2147483647;
			files = (
				03B2DE701DC5D1EA00CFFA83 /* WeatherAPIService.swift in Sources */,
				0313E50A1DC1DBC200E453A0 /* ViewController.swift in Sources */,
				0313E5081DC1DBC200E453A0 /* AppDelegate.swift in Sources */,
				03B2DE721DC7073A00CFFA83 /* Place.swift in Sources */,
				0313E5381DC2A21A00E453A0 /* ViewControllerExtension.swift in Sources */,
				035811EE1DC429E0002ECB85 /* LocationAPIService.swift in Sources */,
			);
			runOnlyForDeploymentPostprocessing = 0;
		};
		0313E5141DC1DBC200E453A0 /* Sources */ = {
			isa = PBXSourcesBuildPhase;
			buildActionMask = 2147483647;
			files = (
				0313E51D1DC1DBC200E453A0 /* RainOrShineTests.swift in Sources */,
			);
			runOnlyForDeploymentPostprocessing = 0;
		};
		0313E51F1DC1DBC200E453A0 /* Sources */ = {
			isa = PBXSourcesBuildPhase;
			buildActionMask = 2147483647;
			files = (
				0313E5281DC1DBC200E453A0 /* RainOrShineUITests.swift in Sources */,
			);
			runOnlyForDeploymentPostprocessing = 0;
		};
/* End PBXSourcesBuildPhase section */

/* Begin PBXTargetDependency section */
		0313E51A1DC1DBC200E453A0 /* PBXTargetDependency */ = {
			isa = PBXTargetDependency;
			target = 0313E5031DC1DBC200E453A0 /* RainOrShine */;
			targetProxy = 0313E5191DC1DBC200E453A0 /* PBXContainerItemProxy */;
		};
		0313E5251DC1DBC200E453A0 /* PBXTargetDependency */ = {
			isa = PBXTargetDependency;
			target = 0313E5031DC1DBC200E453A0 /* RainOrShine */;
			targetProxy = 0313E5241DC1DBC200E453A0 /* PBXContainerItemProxy */;
		};
/* End PBXTargetDependency section */

/* Begin PBXVariantGroup section */
		0313E50B1DC1DBC200E453A0 /* Main.storyboard */ = {
			isa = PBXVariantGroup;
			children = (
				0313E50C1DC1DBC200E453A0 /* Base */,
			);
			name = Main.storyboard;
			sourceTree = "<group>";
		};
		0313E5101DC1DBC200E453A0 /* LaunchScreen.storyboard */ = {
			isa = PBXVariantGroup;
			children = (
				0313E5111DC1DBC200E453A0 /* Base */,
			);
			name = LaunchScreen.storyboard;
			sourceTree = "<group>";
		};
/* End PBXVariantGroup section */

/* Begin XCBuildConfiguration section */
		0313E52A1DC1DBC200E453A0 /* Debug */ = {
			isa = XCBuildConfiguration;
			buildSettings = {
				ALWAYS_SEARCH_USER_PATHS = NO;
				CLANG_ANALYZER_NONNULL = YES;
				CLANG_CXX_LANGUAGE_STANDARD = "gnu++0x";
				CLANG_CXX_LIBRARY = "libc++";
				CLANG_ENABLE_MODULES = YES;
				CLANG_ENABLE_OBJC_ARC = YES;
				CLANG_WARN_BOOL_CONVERSION = YES;
				CLANG_WARN_CONSTANT_CONVERSION = YES;
				CLANG_WARN_DIRECT_OBJC_ISA_USAGE = YES_ERROR;
				CLANG_WARN_DOCUMENTATION_COMMENTS = YES;
				CLANG_WARN_EMPTY_BODY = YES;
				CLANG_WARN_ENUM_CONVERSION = YES;
				CLANG_WARN_INFINITE_RECURSION = YES;
				CLANG_WARN_INT_CONVERSION = YES;
				CLANG_WARN_OBJC_ROOT_CLASS = YES_ERROR;
				CLANG_WARN_SUSPICIOUS_MOVE = YES;
				CLANG_WARN_SUSPICIOUS_MOVES = YES;
				CLANG_WARN_UNREACHABLE_CODE = YES;
				CLANG_WARN__DUPLICATE_METHOD_MATCH = YES;
				"CODE_SIGN_IDENTITY[sdk=iphoneos*]" = "iPhone Developer";
				COPY_PHASE_STRIP = NO;
				DEBUG_INFORMATION_FORMAT = dwarf;
				ENABLE_STRICT_OBJC_MSGSEND = YES;
				ENABLE_TESTABILITY = YES;
				GCC_C_LANGUAGE_STANDARD = gnu99;
				GCC_DYNAMIC_NO_PIC = NO;
				GCC_NO_COMMON_BLOCKS = YES;
				GCC_OPTIMIZATION_LEVEL = 0;
				GCC_PREPROCESSOR_DEFINITIONS = (
					"DEBUG=1",
					"$(inherited)",
				);
				GCC_WARN_64_TO_32_BIT_CONVERSION = YES;
				GCC_WARN_ABOUT_RETURN_TYPE = YES_ERROR;
				GCC_WARN_UNDECLARED_SELECTOR = YES;
				GCC_WARN_UNINITIALIZED_AUTOS = YES_AGGRESSIVE;
				GCC_WARN_UNUSED_FUNCTION = YES;
				GCC_WARN_UNUSED_VARIABLE = YES;
				IPHONEOS_DEPLOYMENT_TARGET = 10.0;
				MTL_ENABLE_DEBUG_INFO = YES;
				ONLY_ACTIVE_ARCH = YES;
				SDKROOT = iphoneos;
				SWIFT_ACTIVE_COMPILATION_CONDITIONS = DEBUG;
				SWIFT_OPTIMIZATION_LEVEL = "-Onone";
				TARGETED_DEVICE_FAMILY = "1,2";
			};
			name = Debug;
		};
		0313E52B1DC1DBC200E453A0 /* Release */ = {
			isa = XCBuildConfiguration;
			buildSettings = {
				ALWAYS_SEARCH_USER_PATHS = NO;
				CLANG_ANALYZER_NONNULL = YES;
				CLANG_CXX_LANGUAGE_STANDARD = "gnu++0x";
				CLANG_CXX_LIBRARY = "libc++";
				CLANG_ENABLE_MODULES = YES;
				CLANG_ENABLE_OBJC_ARC = YES;
				CLANG_WARN_BOOL_CONVERSION = YES;
				CLANG_WARN_CONSTANT_CONVERSION = YES;
				CLANG_WARN_DIRECT_OBJC_ISA_USAGE = YES_ERROR;
				CLANG_WARN_DOCUMENTATION_COMMENTS = YES;
				CLANG_WARN_EMPTY_BODY = YES;
				CLANG_WARN_ENUM_CONVERSION = YES;
				CLANG_WARN_INFINITE_RECURSION = YES;
				CLANG_WARN_INT_CONVERSION = YES;
				CLANG_WARN_OBJC_ROOT_CLASS = YES_ERROR;
				CLANG_WARN_SUSPICIOUS_MOVE = YES;
				CLANG_WARN_SUSPICIOUS_MOVES = YES;
				CLANG_WARN_UNREACHABLE_CODE = YES;
				CLANG_WARN__DUPLICATE_METHOD_MATCH = YES;
				"CODE_SIGN_IDENTITY[sdk=iphoneos*]" = "iPhone Developer";
				COPY_PHASE_STRIP = NO;
				DEBUG_INFORMATION_FORMAT = "dwarf-with-dsym";
				ENABLE_NS_ASSERTIONS = NO;
				ENABLE_STRICT_OBJC_MSGSEND = YES;
				GCC_C_LANGUAGE_STANDARD = gnu99;
				GCC_NO_COMMON_BLOCKS = YES;
				GCC_WARN_64_TO_32_BIT_CONVERSION = YES;
				GCC_WARN_ABOUT_RETURN_TYPE = YES_ERROR;
				GCC_WARN_UNDECLARED_SELECTOR = YES;
				GCC_WARN_UNINITIALIZED_AUTOS = YES_AGGRESSIVE;
				GCC_WARN_UNUSED_FUNCTION = YES;
				GCC_WARN_UNUSED_VARIABLE = YES;
				IPHONEOS_DEPLOYMENT_TARGET = 10.0;
				MTL_ENABLE_DEBUG_INFO = NO;
				SDKROOT = iphoneos;
				SWIFT_OPTIMIZATION_LEVEL = "-Owholemodule";
				TARGETED_DEVICE_FAMILY = "1,2";
				VALIDATE_PRODUCT = YES;
			};
			name = Release;
		};
		0313E52D1DC1DBC200E453A0 /* Debug */ = {
			isa = XCBuildConfiguration;
			baseConfigurationReference = E682BEA6B2852926B36ABB4C /* Pods-RainOrShine.debug.xcconfig */;
			buildSettings = {
				ALWAYS_EMBED_SWIFT_STANDARD_LIBRARIES = YES;
				ASSETCATALOG_COMPILER_APPICON_NAME = AppIcon;
				DEVELOPMENT_TEAM = JNJPB8D7PF;
				INFOPLIST_FILE = RainOrShine/Info.plist;
				LD_RUNPATH_SEARCH_PATHS = "$(inherited) @executable_path/Frameworks";
				PRODUCT_BUNDLE_IDENTIFIER = com.BigSmashSoftware.RainOrShine;
				PRODUCT_NAME = "$(TARGET_NAME)";
				SWIFT_VERSION = 3.0;
			};
			name = Debug;
		};
		0313E52E1DC1DBC200E453A0 /* Release */ = {
			isa = XCBuildConfiguration;
			baseConfigurationReference = 6D24AE1ADCD23D9A3DC25758 /* Pods-RainOrShine.release.xcconfig */;
			buildSettings = {
				ALWAYS_EMBED_SWIFT_STANDARD_LIBRARIES = YES;
				ASSETCATALOG_COMPILER_APPICON_NAME = AppIcon;
				DEVELOPMENT_TEAM = JNJPB8D7PF;
				INFOPLIST_FILE = RainOrShine/Info.plist;
				LD_RUNPATH_SEARCH_PATHS = "$(inherited) @executable_path/Frameworks";
				PRODUCT_BUNDLE_IDENTIFIER = com.BigSmashSoftware.RainOrShine;
				PRODUCT_NAME = "$(TARGET_NAME)";
				SWIFT_VERSION = 3.0;
			};
			name = Release;
		};
		0313E5301DC1DBC200E453A0 /* Debug */ = {
			isa = XCBuildConfiguration;
			buildSettings = {
				ALWAYS_EMBED_SWIFT_STANDARD_LIBRARIES = YES;
				BUNDLE_LOADER = "$(TEST_HOST)";
				DEVELOPMENT_TEAM = JNJPB8D7PF;
				INFOPLIST_FILE = RainOrShineTests/Info.plist;
				LD_RUNPATH_SEARCH_PATHS = "$(inherited) @executable_path/Frameworks @loader_path/Frameworks";
				PRODUCT_BUNDLE_IDENTIFIER = BigSmashSoftware.RainOrShineTests;
				PRODUCT_NAME = "$(TARGET_NAME)";
				SWIFT_VERSION = 3.0;
				TEST_HOST = "$(BUILT_PRODUCTS_DIR)/RainOrShine.app/RainOrShine";
			};
			name = Debug;
		};
		0313E5311DC1DBC200E453A0 /* Release */ = {
			isa = XCBuildConfiguration;
			buildSettings = {
				ALWAYS_EMBED_SWIFT_STANDARD_LIBRARIES = YES;
				BUNDLE_LOADER = "$(TEST_HOST)";
				DEVELOPMENT_TEAM = JNJPB8D7PF;
				INFOPLIST_FILE = RainOrShineTests/Info.plist;
				LD_RUNPATH_SEARCH_PATHS = "$(inherited) @executable_path/Frameworks @loader_path/Frameworks";
				PRODUCT_BUNDLE_IDENTIFIER = BigSmashSoftware.RainOrShineTests;
				PRODUCT_NAME = "$(TARGET_NAME)";
				SWIFT_VERSION = 3.0;
				TEST_HOST = "$(BUILT_PRODUCTS_DIR)/RainOrShine.app/RainOrShine";
			};
			name = Release;
		};
		0313E5331DC1DBC200E453A0 /* Debug */ = {
			isa = XCBuildConfiguration;
			buildSettings = {
				ALWAYS_EMBED_SWIFT_STANDARD_LIBRARIES = YES;
				DEVELOPMENT_TEAM = JNJPB8D7PF;
				INFOPLIST_FILE = RainOrShineUITests/Info.plist;
				LD_RUNPATH_SEARCH_PATHS = "$(inherited) @executable_path/Frameworks @loader_path/Frameworks";
				PRODUCT_BUNDLE_IDENTIFIER = BigSmashSoftware.RainOrShineUITests;
				PRODUCT_NAME = "$(TARGET_NAME)";
				SWIFT_VERSION = 3.0;
				TEST_TARGET_NAME = RainOrShine;
			};
			name = Debug;
		};
		0313E5341DC1DBC200E453A0 /* Release */ = {
			isa = XCBuildConfiguration;
			buildSettings = {
				ALWAYS_EMBED_SWIFT_STANDARD_LIBRARIES = YES;
				DEVELOPMENT_TEAM = JNJPB8D7PF;
				INFOPLIST_FILE = RainOrShineUITests/Info.plist;
				LD_RUNPATH_SEARCH_PATHS = "$(inherited) @executable_path/Frameworks @loader_path/Frameworks";
				PRODUCT_BUNDLE_IDENTIFIER = BigSmashSoftware.RainOrShineUITests;
				PRODUCT_NAME = "$(TARGET_NAME)";
				SWIFT_VERSION = 3.0;
				TEST_TARGET_NAME = RainOrShine;
			};
			name = Release;
		};
/* End XCBuildConfiguration section */

/* Begin XCConfigurationList section */
		0313E4FF1DC1DBC200E453A0 /* Build configuration list for PBXProject "RainOrShine" */ = {
			isa = XCConfigurationList;
			buildConfigurations = (
				0313E52A1DC1DBC200E453A0 /* Debug */,
				0313E52B1DC1DBC200E453A0 /* Release */,
			);
			defaultConfigurationIsVisible = 0;
			defaultConfigurationName = Release;
		};
		0313E52C1DC1DBC200E453A0 /* Build configuration list for PBXNativeTarget "RainOrShine" */ = {
			isa = XCConfigurationList;
			buildConfigurations = (
				0313E52D1DC1DBC200E453A0 /* Debug */,
				0313E52E1DC1DBC200E453A0 /* Release */,
			);
			defaultConfigurationIsVisible = 0;
			defaultConfigurationName = Release;
		};
		0313E52F1DC1DBC200E453A0 /* Build configuration list for PBXNativeTarget "RainOrShineTests" */ = {
			isa = XCConfigurationList;
			buildConfigurations = (
				0313E5301DC1DBC200E453A0 /* Debug */,
				0313E5311DC1DBC200E453A0 /* Release */,
			);
			defaultConfigurationIsVisible = 0;
			defaultConfigurationName = Release;
		};
		0313E5321DC1DBC200E453A0 /* Build configuration list for PBXNativeTarget "RainOrShineUITests" */ = {
			isa = XCConfigurationList;
			buildConfigurations = (
				0313E5331DC1DBC200E453A0 /* Debug */,
				0313E5341DC1DBC200E453A0 /* Release */,
			);
			defaultConfigurationIsVisible = 0;
			defaultConfigurationName = Release;
		};
/* End XCConfigurationList section */
	};
	rootObject = 0313E4FC1DC1DBC200E453A0 /* Project object */;
}
